// !$*UTF8*$!
{
	archiveVersion = 1;
	classes = {
	};
	objectVersion = 51;
	objects = {

/* Begin PBXBuildFile section */
		51815BBB269CAC8100BFCA08 /* AppDelegate.m in Sources */ = {isa = PBXBuildFile; fileRef = 51815BBA269CAC8100BFCA08 /* AppDelegate.m */; };
		51815BBE269CAC8100BFCA08 /* SceneDelegate.m in Sources */ = {isa = PBXBuildFile; fileRef = 51815BBD269CAC8100BFCA08 /* SceneDelegate.m */; };
		51815BC4269CAC8100BFCA08 /* Main.storyboard in Resources */ = {isa = PBXBuildFile; fileRef = 51815BC2269CAC8100BFCA08 /* Main.storyboard */; };
		51815BC6269CAC8200BFCA08 /* Assets.xcassets in Resources */ = {isa = PBXBuildFile; fileRef = 51815BC5269CAC8200BFCA08 /* Assets.xcassets */; };
		51815BC9269CAC8200BFCA08 /* LaunchScreen.storyboard in Resources */ = {isa = PBXBuildFile; fileRef = 51815BC7269CAC8200BFCA08 /* LaunchScreen.storyboard */; };
		51815BCC269CAC8200BFCA08 /* main.m in Sources */ = {isa = PBXBuildFile; fileRef = 51815BCB269CAC8200BFCA08 /* main.m */; };
		51815BD6269CAC8200BFCA08 /* IFeelThatWayTests.m in Sources */ = {isa = PBXBuildFile; fileRef = 51815BD5269CAC8200BFCA08 /* IFeelThatWayTests.m */; };
		51815BE1269CAC8200BFCA08 /* IFeelThatWayUITests.m in Sources */ = {isa = PBXBuildFile; fileRef = 51815BE0269CAC8200BFCA08 /* IFeelThatWayUITests.m */; };
		51815C07269CB32B00BFCA08 /* User.m in Sources */ = {isa = PBXBuildFile; fileRef = 51815C06269CB32B00BFCA08 /* User.m */; };
		51815C0A269CB33600BFCA08 /* Prompt.m in Sources */ = {isa = PBXBuildFile; fileRef = 51815C09269CB33600BFCA08 /* Prompt.m */; };
		51815C0D269CB33F00BFCA08 /* Poll.m in Sources */ = {isa = PBXBuildFile; fileRef = 51815C0C269CB33F00BFCA08 /* Poll.m */; };
		51815C10269CB34700BFCA08 /* Comment.m in Sources */ = {isa = PBXBuildFile; fileRef = 51815C0F269CB34700BFCA08 /* Comment.m */; };
		51815C13269CB35200BFCA08 /* Reply.m in Sources */ = {isa = PBXBuildFile; fileRef = 51815C12269CB35200BFCA08 /* Reply.m */; };
		51815C16269CB37000BFCA08 /* Topic.m in Sources */ = {isa = PBXBuildFile; fileRef = 51815C15269CB37000BFCA08 /* Topic.m */; };
		51815C19269CCFC700BFCA08 /* LoginViewController.m in Sources */ = {isa = PBXBuildFile; fileRef = 51815C18269CCFC700BFCA08 /* LoginViewController.m */; };
		51815C1C269CD02800BFCA08 /* SignUpViewController.m in Sources */ = {isa = PBXBuildFile; fileRef = 51815C1B269CD02800BFCA08 /* SignUpViewController.m */; };
		51815C20269CDFA900BFCA08 /* TopViewController.m in Sources */ = {isa = PBXBuildFile; fileRef = 51815C1F269CDFA900BFCA08 /* TopViewController.m */; };
		51815C23269CDFBD00BFCA08 /* TopicsViewController.m in Sources */ = {isa = PBXBuildFile; fileRef = 51815C22269CDFBD00BFCA08 /* TopicsViewController.m */; };
		51815C26269CDFCE00BFCA08 /* FollowingViewController.m in Sources */ = {isa = PBXBuildFile; fileRef = 51815C25269CDFCE00BFCA08 /* FollowingViewController.m */; };
		51815C29269CDFDA00BFCA08 /* SavedViewController.m in Sources */ = {isa = PBXBuildFile; fileRef = 51815C28269CDFDA00BFCA08 /* SavedViewController.m */; };
		51815C2C269CE77700BFCA08 /* ProfileViewController.m in Sources */ = {isa = PBXBuildFile; fileRef = 51815C2B269CE77700BFCA08 /* ProfileViewController.m */; };
		51815C2F269CE78200BFCA08 /* RequestViewController.m in Sources */ = {isa = PBXBuildFile; fileRef = 51815C2E269CE78200BFCA08 /* RequestViewController.m */; };
		51815C32269D0C9900BFCA08 /* TopicCell.m in Sources */ = {isa = PBXBuildFile; fileRef = 51815C31269D0C9900BFCA08 /* TopicCell.m */; };
		51815C35269D11DB00BFCA08 /* TopicViewController.m in Sources */ = {isa = PBXBuildFile; fileRef = 51815C34269D11DB00BFCA08 /* TopicViewController.m */; };
		51815C38269DDD7B00BFCA08 /* Request.m in Sources */ = {isa = PBXBuildFile; fileRef = 51815C37269DDD7B00BFCA08 /* Request.m */; };
		7755BAA090D8FE32DB3BB79D /* Pods_IFeelThatWay.framework in Frameworks */ = {isa = PBXBuildFile; fileRef = 1AC6E105AF466943A03AD854 /* Pods_IFeelThatWay.framework */; };
		C08B87D643BE0C2474D36057 /* Pods_IFeelThatWay_IFeelThatWayUITests.framework in Frameworks */ = {isa = PBXBuildFile; fileRef = 3349875ECD7295DE859E7493 /* Pods_IFeelThatWay_IFeelThatWayUITests.framework */; };
		C71C35C595BC313F17DE02EB /* Pods_IFeelThatWayTests.framework in Frameworks */ = {isa = PBXBuildFile; fileRef = AC832D4F1943C9725419EE29 /* Pods_IFeelThatWayTests.framework */; };
/* End PBXBuildFile section */

/* Begin PBXContainerItemProxy section */
		51815BD2269CAC8200BFCA08 /* PBXContainerItemProxy */ = {
			isa = PBXContainerItemProxy;
			containerPortal = 51815BAE269CAC8100BFCA08 /* Project object */;
			proxyType = 1;
			remoteGlobalIDString = 51815BB5269CAC8100BFCA08;
			remoteInfo = IFeelThatWay;
		};
		51815BDD269CAC8200BFCA08 /* PBXContainerItemProxy */ = {
			isa = PBXContainerItemProxy;
			containerPortal = 51815BAE269CAC8100BFCA08 /* Project object */;
			proxyType = 1;
			remoteGlobalIDString = 51815BB5269CAC8100BFCA08;
			remoteInfo = IFeelThatWay;
		};
/* End PBXContainerItemProxy section */

/* Begin PBXFileReference section */
		1AC6E105AF466943A03AD854 /* Pods_IFeelThatWay.framework */ = {isa = PBXFileReference; explicitFileType = wrapper.framework; includeInIndex = 0; path = Pods_IFeelThatWay.framework; sourceTree = BUILT_PRODUCTS_DIR; };
		316A480F796D5241049F3F74 /* Pods-IFeelThatWayTests.debug.xcconfig */ = {isa = PBXFileReference; includeInIndex = 1; lastKnownFileType = text.xcconfig; name = "Pods-IFeelThatWayTests.debug.xcconfig"; path = "Target Support Files/Pods-IFeelThatWayTests/Pods-IFeelThatWayTests.debug.xcconfig"; sourceTree = "<group>"; };
		3349875ECD7295DE859E7493 /* Pods_IFeelThatWay_IFeelThatWayUITests.framework */ = {isa = PBXFileReference; explicitFileType = wrapper.framework; includeInIndex = 0; path = Pods_IFeelThatWay_IFeelThatWayUITests.framework; sourceTree = BUILT_PRODUCTS_DIR; };
		51815BB6269CAC8100BFCA08 /* IFeelThatWay.app */ = {isa = PBXFileReference; explicitFileType = wrapper.application; includeInIndex = 0; path = IFeelThatWay.app; sourceTree = BUILT_PRODUCTS_DIR; };
		51815BB9269CAC8100BFCA08 /* AppDelegate.h */ = {isa = PBXFileReference; lastKnownFileType = sourcecode.c.h; path = AppDelegate.h; sourceTree = "<group>"; };
		51815BBA269CAC8100BFCA08 /* AppDelegate.m */ = {isa = PBXFileReference; lastKnownFileType = sourcecode.c.objc; path = AppDelegate.m; sourceTree = "<group>"; };
		51815BBC269CAC8100BFCA08 /* SceneDelegate.h */ = {isa = PBXFileReference; lastKnownFileType = sourcecode.c.h; path = SceneDelegate.h; sourceTree = "<group>"; };
		51815BBD269CAC8100BFCA08 /* SceneDelegate.m */ = {isa = PBXFileReference; lastKnownFileType = sourcecode.c.objc; path = SceneDelegate.m; sourceTree = "<group>"; };
		51815BC3269CAC8100BFCA08 /* Base */ = {isa = PBXFileReference; lastKnownFileType = file.storyboard; name = Base; path = Base.lproj/Main.storyboard; sourceTree = "<group>"; };
		51815BC5269CAC8200BFCA08 /* Assets.xcassets */ = {isa = PBXFileReference; lastKnownFileType = folder.assetcatalog; path = Assets.xcassets; sourceTree = "<group>"; };
		51815BC8269CAC8200BFCA08 /* Base */ = {isa = PBXFileReference; lastKnownFileType = file.storyboard; name = Base; path = Base.lproj/LaunchScreen.storyboard; sourceTree = "<group>"; };
		51815BCA269CAC8200BFCA08 /* Info.plist */ = {isa = PBXFileReference; lastKnownFileType = text.plist.xml; path = Info.plist; sourceTree = "<group>"; };
		51815BCB269CAC8200BFCA08 /* main.m */ = {isa = PBXFileReference; lastKnownFileType = sourcecode.c.objc; path = main.m; sourceTree = "<group>"; };
		51815BD1269CAC8200BFCA08 /* IFeelThatWayTests.xctest */ = {isa = PBXFileReference; explicitFileType = wrapper.cfbundle; includeInIndex = 0; path = IFeelThatWayTests.xctest; sourceTree = BUILT_PRODUCTS_DIR; };
		51815BD5269CAC8200BFCA08 /* IFeelThatWayTests.m */ = {isa = PBXFileReference; lastKnownFileType = sourcecode.c.objc; path = IFeelThatWayTests.m; sourceTree = "<group>"; };
		51815BD7269CAC8200BFCA08 /* Info.plist */ = {isa = PBXFileReference; lastKnownFileType = text.plist.xml; path = Info.plist; sourceTree = "<group>"; };
		51815BDC269CAC8200BFCA08 /* IFeelThatWayUITests.xctest */ = {isa = PBXFileReference; explicitFileType = wrapper.cfbundle; includeInIndex = 0; path = IFeelThatWayUITests.xctest; sourceTree = BUILT_PRODUCTS_DIR; };
		51815BE0269CAC8200BFCA08 /* IFeelThatWayUITests.m */ = {isa = PBXFileReference; lastKnownFileType = sourcecode.c.objc; path = IFeelThatWayUITests.m; sourceTree = "<group>"; };
		51815BE2269CAC8200BFCA08 /* Info.plist */ = {isa = PBXFileReference; lastKnownFileType = text.plist.xml; path = Info.plist; sourceTree = "<group>"; };
		51815C05269CB32B00BFCA08 /* User.h */ = {isa = PBXFileReference; lastKnownFileType = sourcecode.c.h; path = User.h; sourceTree = "<group>"; };
		51815C06269CB32B00BFCA08 /* User.m */ = {isa = PBXFileReference; lastKnownFileType = sourcecode.c.objc; path = User.m; sourceTree = "<group>"; };
		51815C08269CB33600BFCA08 /* Prompt.h */ = {isa = PBXFileReference; lastKnownFileType = sourcecode.c.h; path = Prompt.h; sourceTree = "<group>"; };
		51815C09269CB33600BFCA08 /* Prompt.m */ = {isa = PBXFileReference; lastKnownFileType = sourcecode.c.objc; path = Prompt.m; sourceTree = "<group>"; };
		51815C0B269CB33F00BFCA08 /* Poll.h */ = {isa = PBXFileReference; lastKnownFileType = sourcecode.c.h; path = Poll.h; sourceTree = "<group>"; };
		51815C0C269CB33F00BFCA08 /* Poll.m */ = {isa = PBXFileReference; lastKnownFileType = sourcecode.c.objc; path = Poll.m; sourceTree = "<group>"; };
		51815C0E269CB34700BFCA08 /* Comment.h */ = {isa = PBXFileReference; lastKnownFileType = sourcecode.c.h; path = Comment.h; sourceTree = "<group>"; };
		51815C0F269CB34700BFCA08 /* Comment.m */ = {isa = PBXFileReference; lastKnownFileType = sourcecode.c.objc; path = Comment.m; sourceTree = "<group>"; };
		51815C11269CB35200BFCA08 /* Reply.h */ = {isa = PBXFileReference; lastKnownFileType = sourcecode.c.h; path = Reply.h; sourceTree = "<group>"; };
		51815C12269CB35200BFCA08 /* Reply.m */ = {isa = PBXFileReference; lastKnownFileType = sourcecode.c.objc; path = Reply.m; sourceTree = "<group>"; };
		51815C14269CB37000BFCA08 /* Topic.h */ = {isa = PBXFileReference; lastKnownFileType = sourcecode.c.h; path = Topic.h; sourceTree = "<group>"; };
		51815C15269CB37000BFCA08 /* Topic.m */ = {isa = PBXFileReference; lastKnownFileType = sourcecode.c.objc; path = Topic.m; sourceTree = "<group>"; };
		51815C17269CCFC700BFCA08 /* LoginViewController.h */ = {isa = PBXFileReference; lastKnownFileType = sourcecode.c.h; path = LoginViewController.h; sourceTree = "<group>"; };
		51815C18269CCFC700BFCA08 /* LoginViewController.m */ = {isa = PBXFileReference; lastKnownFileType = sourcecode.c.objc; path = LoginViewController.m; sourceTree = "<group>"; };
		51815C1A269CD02800BFCA08 /* SignUpViewController.h */ = {isa = PBXFileReference; lastKnownFileType = sourcecode.c.h; path = SignUpViewController.h; sourceTree = "<group>"; };
		51815C1B269CD02800BFCA08 /* SignUpViewController.m */ = {isa = PBXFileReference; lastKnownFileType = sourcecode.c.objc; path = SignUpViewController.m; sourceTree = "<group>"; };
		51815C1E269CDFA900BFCA08 /* TopViewController.h */ = {isa = PBXFileReference; lastKnownFileType = sourcecode.c.h; path = TopViewController.h; sourceTree = "<group>"; };
		51815C1F269CDFA900BFCA08 /* TopViewController.m */ = {isa = PBXFileReference; lastKnownFileType = sourcecode.c.objc; path = TopViewController.m; sourceTree = "<group>"; };
		51815C21269CDFBD00BFCA08 /* TopicsViewController.h */ = {isa = PBXFileReference; lastKnownFileType = sourcecode.c.h; path = TopicsViewController.h; sourceTree = "<group>"; };
		51815C22269CDFBD00BFCA08 /* TopicsViewController.m */ = {isa = PBXFileReference; lastKnownFileType = sourcecode.c.objc; path = TopicsViewController.m; sourceTree = "<group>"; };
		51815C24269CDFCE00BFCA08 /* FollowingViewController.h */ = {isa = PBXFileReference; lastKnownFileType = sourcecode.c.h; path = FollowingViewController.h; sourceTree = "<group>"; };
		51815C25269CDFCE00BFCA08 /* FollowingViewController.m */ = {isa = PBXFileReference; lastKnownFileType = sourcecode.c.objc; path = FollowingViewController.m; sourceTree = "<group>"; };
		51815C27269CDFDA00BFCA08 /* SavedViewController.h */ = {isa = PBXFileReference; lastKnownFileType = sourcecode.c.h; path = SavedViewController.h; sourceTree = "<group>"; };
		51815C28269CDFDA00BFCA08 /* SavedViewController.m */ = {isa = PBXFileReference; lastKnownFileType = sourcecode.c.objc; path = SavedViewController.m; sourceTree = "<group>"; };
		51815C2A269CE77700BFCA08 /* ProfileViewController.h */ = {isa = PBXFileReference; lastKnownFileType = sourcecode.c.h; path = ProfileViewController.h; sourceTree = "<group>"; };
		51815C2B269CE77700BFCA08 /* ProfileViewController.m */ = {isa = PBXFileReference; lastKnownFileType = sourcecode.c.objc; path = ProfileViewController.m; sourceTree = "<group>"; };
		51815C2D269CE78200BFCA08 /* RequestViewController.h */ = {isa = PBXFileReference; lastKnownFileType = sourcecode.c.h; path = RequestViewController.h; sourceTree = "<group>"; };
		51815C2E269CE78200BFCA08 /* RequestViewController.m */ = {isa = PBXFileReference; lastKnownFileType = sourcecode.c.objc; path = RequestViewController.m; sourceTree = "<group>"; };
		51815C30269D0C9900BFCA08 /* TopicCell.h */ = {isa = PBXFileReference; lastKnownFileType = sourcecode.c.h; path = TopicCell.h; sourceTree = "<group>"; };
		51815C31269D0C9900BFCA08 /* TopicCell.m */ = {isa = PBXFileReference; lastKnownFileType = sourcecode.c.objc; path = TopicCell.m; sourceTree = "<group>"; };
		51815C33269D11DB00BFCA08 /* TopicViewController.h */ = {isa = PBXFileReference; lastKnownFileType = sourcecode.c.h; path = TopicViewController.h; sourceTree = "<group>"; };
		51815C34269D11DB00BFCA08 /* TopicViewController.m */ = {isa = PBXFileReference; lastKnownFileType = sourcecode.c.objc; path = TopicViewController.m; sourceTree = "<group>"; };
		51815C36269DDD7B00BFCA08 /* Request.h */ = {isa = PBXFileReference; lastKnownFileType = sourcecode.c.h; path = Request.h; sourceTree = "<group>"; };
		51815C37269DDD7B00BFCA08 /* Request.m */ = {isa = PBXFileReference; lastKnownFileType = sourcecode.c.objc; path = Request.m; sourceTree = "<group>"; };
		7CF6EB3FA15E166C26663A24 /* Pods-IFeelThatWay.debug.xcconfig */ = {isa = PBXFileReference; includeInIndex = 1; lastKnownFileType = text.xcconfig; name = "Pods-IFeelThatWay.debug.xcconfig"; path = "Target Support Files/Pods-IFeelThatWay/Pods-IFeelThatWay.debug.xcconfig"; sourceTree = "<group>"; };
		997A21D4EACC33B87868D36D /* Pods-IFeelThatWayTests.release.xcconfig */ = {isa = PBXFileReference; includeInIndex = 1; lastKnownFileType = text.xcconfig; name = "Pods-IFeelThatWayTests.release.xcconfig"; path = "Target Support Files/Pods-IFeelThatWayTests/Pods-IFeelThatWayTests.release.xcconfig"; sourceTree = "<group>"; };
		AC832D4F1943C9725419EE29 /* Pods_IFeelThatWayTests.framework */ = {isa = PBXFileReference; explicitFileType = wrapper.framework; includeInIndex = 0; path = Pods_IFeelThatWayTests.framework; sourceTree = BUILT_PRODUCTS_DIR; };
		D1A47A5EEFCEF138961EC7CF /* Pods-IFeelThatWay-IFeelThatWayUITests.debug.xcconfig */ = {isa = PBXFileReference; includeInIndex = 1; lastKnownFileType = text.xcconfig; name = "Pods-IFeelThatWay-IFeelThatWayUITests.debug.xcconfig"; path = "Target Support Files/Pods-IFeelThatWay-IFeelThatWayUITests/Pods-IFeelThatWay-IFeelThatWayUITests.debug.xcconfig"; sourceTree = "<group>"; };
		D73D43682108E5932E611FF2 /* Pods-IFeelThatWay-IFeelThatWayUITests.release.xcconfig */ = {isa = PBXFileReference; includeInIndex = 1; lastKnownFileType = text.xcconfig; name = "Pods-IFeelThatWay-IFeelThatWayUITests.release.xcconfig"; path = "Target Support Files/Pods-IFeelThatWay-IFeelThatWayUITests/Pods-IFeelThatWay-IFeelThatWayUITests.release.xcconfig"; sourceTree = "<group>"; };
		E1D501509F6600F77091220C /* Pods-IFeelThatWay.release.xcconfig */ = {isa = PBXFileReference; includeInIndex = 1; lastKnownFileType = text.xcconfig; name = "Pods-IFeelThatWay.release.xcconfig"; path = "Target Support Files/Pods-IFeelThatWay/Pods-IFeelThatWay.release.xcconfig"; sourceTree = "<group>"; };
/* End PBXFileReference section */

/* Begin PBXFrameworksBuildPhase section */
		51815BB3269CAC8100BFCA08 /* Frameworks */ = {
			isa = PBXFrameworksBuildPhase;
			buildActionMask = 2147483647;
			files = (
				7755BAA090D8FE32DB3BB79D /* Pods_IFeelThatWay.framework in Frameworks */,
			);
			runOnlyForDeploymentPostprocessing = 0;
		};
		51815BCE269CAC8200BFCA08 /* Frameworks */ = {
			isa = PBXFrameworksBuildPhase;
			buildActionMask = 2147483647;
			files = (
				C71C35C595BC313F17DE02EB /* Pods_IFeelThatWayTests.framework in Frameworks */,
			);
			runOnlyForDeploymentPostprocessing = 0;
		};
		51815BD9269CAC8200BFCA08 /* Frameworks */ = {
			isa = PBXFrameworksBuildPhase;
			buildActionMask = 2147483647;
			files = (
				C08B87D643BE0C2474D36057 /* Pods_IFeelThatWay_IFeelThatWayUITests.framework in Frameworks */,
			);
			runOnlyForDeploymentPostprocessing = 0;
		};
/* End PBXFrameworksBuildPhase section */

/* Begin PBXGroup section */
		51815BAD269CAC8100BFCA08 = {
			isa = PBXGroup;
			children = (
				51815BB8269CAC8100BFCA08 /* IFeelThatWay */,
				51815BD4269CAC8200BFCA08 /* IFeelThatWayTests */,
				51815BDF269CAC8200BFCA08 /* IFeelThatWayUITests */,
				51815BB7269CAC8100BFCA08 /* Products */,
				B2A3904B929C775CF7CE9B97 /* Pods */,
				6A379071BE126999436CB279 /* Frameworks */,
			);
			sourceTree = "<group>";
		};
		51815BB7269CAC8100BFCA08 /* Products */ = {
			isa = PBXGroup;
			children = (
				51815BB6269CAC8100BFCA08 /* IFeelThatWay.app */,
				51815BD1269CAC8200BFCA08 /* IFeelThatWayTests.xctest */,
				51815BDC269CAC8200BFCA08 /* IFeelThatWayUITests.xctest */,
			);
			name = Products;
			sourceTree = "<group>";
		};
		51815BB8269CAC8100BFCA08 /* IFeelThatWay */ = {
			isa = PBXGroup;
			children = (
				51815C1D269CD9EF00BFCA08 /* Utilities */,
				51815BF1269CAD1C00BFCA08 /* ViewControllers */,
				51815BEF269CAD0900BFCA08 /* Views */,
				51815BEE269CAD0100BFCA08 /* Models */,
				51815BB9269CAC8100BFCA08 /* AppDelegate.h */,
				51815BBA269CAC8100BFCA08 /* AppDelegate.m */,
				51815BBC269CAC8100BFCA08 /* SceneDelegate.h */,
				51815BBD269CAC8100BFCA08 /* SceneDelegate.m */,
				51815BC2269CAC8100BFCA08 /* Main.storyboard */,
				51815BC5269CAC8200BFCA08 /* Assets.xcassets */,
				51815BC7269CAC8200BFCA08 /* LaunchScreen.storyboard */,
				51815BCA269CAC8200BFCA08 /* Info.plist */,
				51815BCB269CAC8200BFCA08 /* main.m */,
			);
			path = IFeelThatWay;
			sourceTree = "<group>";
		};
		51815BD4269CAC8200BFCA08 /* IFeelThatWayTests */ = {
			isa = PBXGroup;
			children = (
				51815BD5269CAC8200BFCA08 /* IFeelThatWayTests.m */,
				51815BD7269CAC8200BFCA08 /* Info.plist */,
			);
			path = IFeelThatWayTests;
			sourceTree = "<group>";
		};
		51815BDF269CAC8200BFCA08 /* IFeelThatWayUITests */ = {
			isa = PBXGroup;
			children = (
				51815BE0269CAC8200BFCA08 /* IFeelThatWayUITests.m */,
				51815BE2269CAC8200BFCA08 /* Info.plist */,
			);
			path = IFeelThatWayUITests;
			sourceTree = "<group>";
		};
		51815BEE269CAD0100BFCA08 /* Models */ = {
			isa = PBXGroup;
			children = (
				51815C05269CB32B00BFCA08 /* User.h */,
				51815C06269CB32B00BFCA08 /* User.m */,
				51815C14269CB37000BFCA08 /* Topic.h */,
				51815C15269CB37000BFCA08 /* Topic.m */,
				51815C08269CB33600BFCA08 /* Prompt.h */,
				51815C09269CB33600BFCA08 /* Prompt.m */,
				51815C0B269CB33F00BFCA08 /* Poll.h */,
				51815C0C269CB33F00BFCA08 /* Poll.m */,
				51815C0E269CB34700BFCA08 /* Comment.h */,
				51815C0F269CB34700BFCA08 /* Comment.m */,
				51815C11269CB35200BFCA08 /* Reply.h */,
				51815C12269CB35200BFCA08 /* Reply.m */,
				51815C36269DDD7B00BFCA08 /* Request.h */,
				51815C37269DDD7B00BFCA08 /* Request.m */,
			);
			path = Models;
			sourceTree = "<group>";
		};
		51815BEF269CAD0900BFCA08 /* Views */ = {
			isa = PBXGroup;
			children = (
				51815C30269D0C9900BFCA08 /* TopicCell.h */,
				51815C31269D0C9900BFCA08 /* TopicCell.m */,
			);
			path = Views;
			sourceTree = "<group>";
		};
		51815BF1269CAD1C00BFCA08 /* ViewControllers */ = {
			isa = PBXGroup;
			children = (
				51815C17269CCFC700BFCA08 /* LoginViewController.h */,
				51815C18269CCFC700BFCA08 /* LoginViewController.m */,
				51815C1A269CD02800BFCA08 /* SignUpViewController.h */,
				51815C1B269CD02800BFCA08 /* SignUpViewController.m */,
				51815C1E269CDFA900BFCA08 /* TopViewController.h */,
				51815C1F269CDFA900BFCA08 /* TopViewController.m */,
				51815C21269CDFBD00BFCA08 /* TopicsViewController.h */,
				51815C22269CDFBD00BFCA08 /* TopicsViewController.m */,
				51815C24269CDFCE00BFCA08 /* FollowingViewController.h */,
				51815C25269CDFCE00BFCA08 /* FollowingViewController.m */,
				51815C27269CDFDA00BFCA08 /* SavedViewController.h */,
				51815C28269CDFDA00BFCA08 /* SavedViewController.m */,
				51815C2A269CE77700BFCA08 /* ProfileViewController.h */,
				51815C2B269CE77700BFCA08 /* ProfileViewController.m */,
				51815C2D269CE78200BFCA08 /* RequestViewController.h */,
				51815C2E269CE78200BFCA08 /* RequestViewController.m */,
				51815C33269D11DB00BFCA08 /* TopicViewController.h */,
				51815C34269D11DB00BFCA08 /* TopicViewController.m */,
			);
			path = ViewControllers;
			sourceTree = "<group>";
		};
		51815C1D269CD9EF00BFCA08 /* Utilities */ = {
			isa = PBXGroup;
			children = (
			);
			path = Utilities;
			sourceTree = "<group>";
		};
		6A379071BE126999436CB279 /* Frameworks */ = {
			isa = PBXGroup;
			children = (
				1AC6E105AF466943A03AD854 /* Pods_IFeelThatWay.framework */,
				3349875ECD7295DE859E7493 /* Pods_IFeelThatWay_IFeelThatWayUITests.framework */,
				AC832D4F1943C9725419EE29 /* Pods_IFeelThatWayTests.framework */,
			);
			name = Frameworks;
			sourceTree = "<group>";
		};
		B2A3904B929C775CF7CE9B97 /* Pods */ = {
			isa = PBXGroup;
			children = (
				7CF6EB3FA15E166C26663A24 /* Pods-IFeelThatWay.debug.xcconfig */,
				E1D501509F6600F77091220C /* Pods-IFeelThatWay.release.xcconfig */,
				D1A47A5EEFCEF138961EC7CF /* Pods-IFeelThatWay-IFeelThatWayUITests.debug.xcconfig */,
				D73D43682108E5932E611FF2 /* Pods-IFeelThatWay-IFeelThatWayUITests.release.xcconfig */,
				316A480F796D5241049F3F74 /* Pods-IFeelThatWayTests.debug.xcconfig */,
				997A21D4EACC33B87868D36D /* Pods-IFeelThatWayTests.release.xcconfig */,
			);
			path = Pods;
			sourceTree = "<group>";
		};
/* End PBXGroup section */

/* Begin PBXNativeTarget section */
		51815BB5269CAC8100BFCA08 /* IFeelThatWay */ = {
			isa = PBXNativeTarget;
			buildConfigurationList = 51815BE5269CAC8200BFCA08 /* Build configuration list for PBXNativeTarget "IFeelThatWay" */;
			buildPhases = (
				DD33D61E3039106621394C0B /* [CP] Check Pods Manifest.lock */,
				51815BB2269CAC8100BFCA08 /* Sources */,
				51815BB3269CAC8100BFCA08 /* Frameworks */,
				51815BB4269CAC8100BFCA08 /* Resources */,
				5266BF86E2892B41388100A5 /* [CP] Embed Pods Frameworks */,
			);
			buildRules = (
			);
			dependencies = (
			);
			name = IFeelThatWay;
			productName = IFeelThatWay;
			productReference = 51815BB6269CAC8100BFCA08 /* IFeelThatWay.app */;
			productType = "com.apple.product-type.application";
		};
		51815BD0269CAC8200BFCA08 /* IFeelThatWayTests */ = {
			isa = PBXNativeTarget;
			buildConfigurationList = 51815BE8269CAC8200BFCA08 /* Build configuration list for PBXNativeTarget "IFeelThatWayTests" */;
			buildPhases = (
				1F9CC196711AB0B7A431AC4C /* [CP] Check Pods Manifest.lock */,
				51815BCD269CAC8200BFCA08 /* Sources */,
				51815BCE269CAC8200BFCA08 /* Frameworks */,
				51815BCF269CAC8200BFCA08 /* Resources */,
			);
			buildRules = (
			);
			dependencies = (
				51815BD3269CAC8200BFCA08 /* PBXTargetDependency */,
			);
			name = IFeelThatWayTests;
			productName = IFeelThatWayTests;
			productReference = 51815BD1269CAC8200BFCA08 /* IFeelThatWayTests.xctest */;
			productType = "com.apple.product-type.bundle.unit-test";
		};
		51815BDB269CAC8200BFCA08 /* IFeelThatWayUITests */ = {
			isa = PBXNativeTarget;
			buildConfigurationList = 51815BEB269CAC8200BFCA08 /* Build configuration list for PBXNativeTarget "IFeelThatWayUITests" */;
			buildPhases = (
				AAC4D4CF0DD2DD3EE070309B /* [CP] Check Pods Manifest.lock */,
				51815BD8269CAC8200BFCA08 /* Sources */,
				51815BD9269CAC8200BFCA08 /* Frameworks */,
				51815BDA269CAC8200BFCA08 /* Resources */,
				1B2005DE10DFC9959C3EABD7 /* [CP] Embed Pods Frameworks */,
			);
			buildRules = (
			);
			dependencies = (
				51815BDE269CAC8200BFCA08 /* PBXTargetDependency */,
			);
			name = IFeelThatWayUITests;
			productName = IFeelThatWayUITests;
			productReference = 51815BDC269CAC8200BFCA08 /* IFeelThatWayUITests.xctest */;
			productType = "com.apple.product-type.bundle.ui-testing";
		};
/* End PBXNativeTarget section */

/* Begin PBXProject section */
		51815BAE269CAC8100BFCA08 /* Project object */ = {
			isa = PBXProject;
			attributes = {
				LastUpgradeCheck = 1250;
				TargetAttributes = {
					51815BB5269CAC8100BFCA08 = {
						CreatedOnToolsVersion = 12.5.1;
					};
					51815BD0269CAC8200BFCA08 = {
						CreatedOnToolsVersion = 12.5.1;
						TestTargetID = 51815BB5269CAC8100BFCA08;
					};
					51815BDB269CAC8200BFCA08 = {
						CreatedOnToolsVersion = 12.5.1;
						TestTargetID = 51815BB5269CAC8100BFCA08;
					};
				};
			};
			buildConfigurationList = 51815BB1269CAC8100BFCA08 /* Build configuration list for PBXProject "IFeelThatWay" */;
			compatibilityVersion = "Xcode 9.3";
			developmentRegion = en;
			hasScannedForEncodings = 0;
			knownRegions = (
				en,
				Base,
			);
			mainGroup = 51815BAD269CAC8100BFCA08;
			productRefGroup = 51815BB7269CAC8100BFCA08 /* Products */;
			projectDirPath = "";
			projectRoot = "";
			targets = (
				51815BB5269CAC8100BFCA08 /* IFeelThatWay */,
				51815BD0269CAC8200BFCA08 /* IFeelThatWayTests */,
				51815BDB269CAC8200BFCA08 /* IFeelThatWayUITests */,
			);
		};
/* End PBXProject section */

/* Begin PBXResourcesBuildPhase section */
		51815BB4269CAC8100BFCA08 /* Resources */ = {
			isa = PBXResourcesBuildPhase;
			buildActionMask = 2147483647;
			files = (
				51815BC9269CAC8200BFCA08 /* LaunchScreen.storyboard in Resources */,
				51815BC6269CAC8200BFCA08 /* Assets.xcassets in Resources */,
				51815BC4269CAC8100BFCA08 /* Main.storyboard in Resources */,
			);
			runOnlyForDeploymentPostprocessing = 0;
		};
		51815BCF269CAC8200BFCA08 /* Resources */ = {
			isa = PBXResourcesBuildPhase;
			buildActionMask = 2147483647;
			files = (
			);
			runOnlyForDeploymentPostprocessing = 0;
		};
		51815BDA269CAC8200BFCA08 /* Resources */ = {
			isa = PBXResourcesBuildPhase;
			buildActionMask = 2147483647;
			files = (
			);
			runOnlyForDeploymentPostprocessing = 0;
		};
/* End PBXResourcesBuildPhase section */

/* Begin PBXShellScriptBuildPhase section */
		1B2005DE10DFC9959C3EABD7 /* [CP] Embed Pods Frameworks */ = {
			isa = PBXShellScriptBuildPhase;
			buildActionMask = 2147483647;
			files = (
			);
			inputFileListPaths = (
				"${PODS_ROOT}/Target Support Files/Pods-IFeelThatWay-IFeelThatWayUITests/Pods-IFeelThatWay-IFeelThatWayUITests-frameworks-${CONFIGURATION}-input-files.xcfilelist",
			);
			name = "[CP] Embed Pods Frameworks";
			outputFileListPaths = (
				"${PODS_ROOT}/Target Support Files/Pods-IFeelThatWay-IFeelThatWayUITests/Pods-IFeelThatWay-IFeelThatWayUITests-frameworks-${CONFIGURATION}-output-files.xcfilelist",
			);
			runOnlyForDeploymentPostprocessing = 0;
			shellPath = /bin/sh;
			shellScript = "\"${PODS_ROOT}/Target Support Files/Pods-IFeelThatWay-IFeelThatWayUITests/Pods-IFeelThatWay-IFeelThatWayUITests-frameworks.sh\"\n";
			showEnvVarsInLog = 0;
		};
		1F9CC196711AB0B7A431AC4C /* [CP] Check Pods Manifest.lock */ = {
			isa = PBXShellScriptBuildPhase;
			buildActionMask = 2147483647;
			files = (
			);
			inputFileListPaths = (
			);
			inputPaths = (
				"${PODS_PODFILE_DIR_PATH}/Podfile.lock",
				"${PODS_ROOT}/Manifest.lock",
			);
			name = "[CP] Check Pods Manifest.lock";
			outputFileListPaths = (
			);
			outputPaths = (
				"$(DERIVED_FILE_DIR)/Pods-IFeelThatWayTests-checkManifestLockResult.txt",
			);
			runOnlyForDeploymentPostprocessing = 0;
			shellPath = /bin/sh;
			shellScript = "diff \"${PODS_PODFILE_DIR_PATH}/Podfile.lock\" \"${PODS_ROOT}/Manifest.lock\" > /dev/null\nif [ $? != 0 ] ; then\n    # print error to STDERR\n    echo \"error: The sandbox is not in sync with the Podfile.lock. Run 'pod install' or update your CocoaPods installation.\" >&2\n    exit 1\nfi\n# This output is used by Xcode 'outputs' to avoid re-running this script phase.\necho \"SUCCESS\" > \"${SCRIPT_OUTPUT_FILE_0}\"\n";
			showEnvVarsInLog = 0;
		};
		5266BF86E2892B41388100A5 /* [CP] Embed Pods Frameworks */ = {
			isa = PBXShellScriptBuildPhase;
			buildActionMask = 2147483647;
			files = (
			);
			inputFileListPaths = (
				"${PODS_ROOT}/Target Support Files/Pods-IFeelThatWay/Pods-IFeelThatWay-frameworks-${CONFIGURATION}-input-files.xcfilelist",
			);
			name = "[CP] Embed Pods Frameworks";
			outputFileListPaths = (
				"${PODS_ROOT}/Target Support Files/Pods-IFeelThatWay/Pods-IFeelThatWay-frameworks-${CONFIGURATION}-output-files.xcfilelist",
			);
			runOnlyForDeploymentPostprocessing = 0;
			shellPath = /bin/sh;
			shellScript = "\"${PODS_ROOT}/Target Support Files/Pods-IFeelThatWay/Pods-IFeelThatWay-frameworks.sh\"\n";
			showEnvVarsInLog = 0;
		};
		AAC4D4CF0DD2DD3EE070309B /* [CP] Check Pods Manifest.lock */ = {
			isa = PBXShellScriptBuildPhase;
			buildActionMask = 2147483647;
			files = (
			);
			inputFileListPaths = (
			);
			inputPaths = (
				"${PODS_PODFILE_DIR_PATH}/Podfile.lock",
				"${PODS_ROOT}/Manifest.lock",
			);
			name = "[CP] Check Pods Manifest.lock";
			outputFileListPaths = (
			);
			outputPaths = (
				"$(DERIVED_FILE_DIR)/Pods-IFeelThatWay-IFeelThatWayUITests-checkManifestLockResult.txt",
			);
			runOnlyForDeploymentPostprocessing = 0;
			shellPath = /bin/sh;
			shellScript = "diff \"${PODS_PODFILE_DIR_PATH}/Podfile.lock\" \"${PODS_ROOT}/Manifest.lock\" > /dev/null\nif [ $? != 0 ] ; then\n    # print error to STDERR\n    echo \"error: The sandbox is not in sync with the Podfile.lock. Run 'pod install' or update your CocoaPods installation.\" >&2\n    exit 1\nfi\n# This output is used by Xcode 'outputs' to avoid re-running this script phase.\necho \"SUCCESS\" > \"${SCRIPT_OUTPUT_FILE_0}\"\n";
			showEnvVarsInLog = 0;
		};
		DD33D61E3039106621394C0B /* [CP] Check Pods Manifest.lock */ = {
			isa = PBXShellScriptBuildPhase;
			buildActionMask = 2147483647;
			files = (
			);
			inputFileListPaths = (
			);
			inputPaths = (
				"${PODS_PODFILE_DIR_PATH}/Podfile.lock",
				"${PODS_ROOT}/Manifest.lock",
			);
			name = "[CP] Check Pods Manifest.lock";
			outputFileListPaths = (
			);
			outputPaths = (
				"$(DERIVED_FILE_DIR)/Pods-IFeelThatWay-checkManifestLockResult.txt",
			);
			runOnlyForDeploymentPostprocessing = 0;
			shellPath = /bin/sh;
			shellScript = "diff \"${PODS_PODFILE_DIR_PATH}/Podfile.lock\" \"${PODS_ROOT}/Manifest.lock\" > /dev/null\nif [ $? != 0 ] ; then\n    # print error to STDERR\n    echo \"error: The sandbox is not in sync with the Podfile.lock. Run 'pod install' or update your CocoaPods installation.\" >&2\n    exit 1\nfi\n# This output is used by Xcode 'outputs' to avoid re-running this script phase.\necho \"SUCCESS\" > \"${SCRIPT_OUTPUT_FILE_0}\"\n";
			showEnvVarsInLog = 0;
		};
/* End PBXShellScriptBuildPhase section */

/* Begin PBXSourcesBuildPhase section */
		51815BB2269CAC8100BFCA08 /* Sources */ = {
			isa = PBXSourcesBuildPhase;
			buildActionMask = 2147483647;
			files = (
				51815C10269CB34700BFCA08 /* Comment.m in Sources */,
				51815C38269DDD7B00BFCA08 /* Request.m in Sources */,
				51815C07269CB32B00BFCA08 /* User.m in Sources */,
				51815C2C269CE77700BFCA08 /* ProfileViewController.m in Sources */,
				51815C0A269CB33600BFCA08 /* Prompt.m in Sources */,
				51815C16269CB37000BFCA08 /* Topic.m in Sources */,
				51815C19269CCFC700BFCA08 /* LoginViewController.m in Sources */,
				51815C2F269CE78200BFCA08 /* RequestViewController.m in Sources */,
				51815C32269D0C9900BFCA08 /* TopicCell.m in Sources */,
				51815C0D269CB33F00BFCA08 /* Poll.m in Sources */,
				51815BBB269CAC8100BFCA08 /* AppDelegate.m in Sources */,
				51815BCC269CAC8200BFCA08 /* main.m in Sources */,
				51815C26269CDFCE00BFCA08 /* FollowingViewController.m in Sources */,
				51815C29269CDFDA00BFCA08 /* SavedViewController.m in Sources */,
				51815C23269CDFBD00BFCA08 /* TopicsViewController.m in Sources */,
				51815C20269CDFA900BFCA08 /* TopViewController.m in Sources */,
				51815C35269D11DB00BFCA08 /* TopicViewController.m in Sources */,
				51815C13269CB35200BFCA08 /* Reply.m in Sources */,
				51815C1C269CD02800BFCA08 /* SignUpViewController.m in Sources */,
				51815BBE269CAC8100BFCA08 /* SceneDelegate.m in Sources */,
			);
			runOnlyForDeploymentPostprocessing = 0;
		};
		51815BCD269CAC8200BFCA08 /* Sources */ = {
			isa = PBXSourcesBuildPhase;
			buildActionMask = 2147483647;
			files = (
				51815BD6269CAC8200BFCA08 /* IFeelThatWayTests.m in Sources */,
			);
			runOnlyForDeploymentPostprocessing = 0;
		};
		51815BD8269CAC8200BFCA08 /* Sources */ = {
			isa = PBXSourcesBuildPhase;
			buildActionMask = 2147483647;
			files = (
				51815BE1269CAC8200BFCA08 /* IFeelThatWayUITests.m in Sources */,
			);
			runOnlyForDeploymentPostprocessing = 0;
		};
/* End PBXSourcesBuildPhase section */

/* Begin PBXTargetDependency section */
		51815BD3269CAC8200BFCA08 /* PBXTargetDependency */ = {
			isa = PBXTargetDependency;
			target = 51815BB5269CAC8100BFCA08 /* IFeelThatWay */;
			targetProxy = 51815BD2269CAC8200BFCA08 /* PBXContainerItemProxy */;
		};
		51815BDE269CAC8200BFCA08 /* PBXTargetDependency */ = {
			isa = PBXTargetDependency;
			target = 51815BB5269CAC8100BFCA08 /* IFeelThatWay */;
			targetProxy = 51815BDD269CAC8200BFCA08 /* PBXContainerItemProxy */;
		};
/* End PBXTargetDependency section */

/* Begin PBXVariantGroup section */
		51815BC2269CAC8100BFCA08 /* Main.storyboard */ = {
			isa = PBXVariantGroup;
			children = (
				51815BC3269CAC8100BFCA08 /* Base */,
			);
			name = Main.storyboard;
			sourceTree = "<group>";
		};
		51815BC7269CAC8200BFCA08 /* LaunchScreen.storyboard */ = {
			isa = PBXVariantGroup;
			children = (
				51815BC8269CAC8200BFCA08 /* Base */,
			);
			name = LaunchScreen.storyboard;
			sourceTree = "<group>";
		};
/* End PBXVariantGroup section */

/* Begin XCBuildConfiguration section */
		51815BE3269CAC8200BFCA08 /* Debug */ = {
			isa = XCBuildConfiguration;
			buildSettings = {
				ALWAYS_SEARCH_USER_PATHS = NO;
				CLANG_ANALYZER_NONNULL = YES;
				CLANG_ANALYZER_NUMBER_OBJECT_CONVERSION = YES_AGGRESSIVE;
				CLANG_CXX_LANGUAGE_STANDARD = "gnu++14";
				CLANG_CXX_LIBRARY = "libc++";
				CLANG_ENABLE_MODULES = YES;
				CLANG_ENABLE_OBJC_ARC = YES;
				CLANG_ENABLE_OBJC_WEAK = YES;
				CLANG_WARN_BLOCK_CAPTURE_AUTORELEASING = YES;
				CLANG_WARN_BOOL_CONVERSION = YES;
				CLANG_WARN_COMMA = YES;
				CLANG_WARN_CONSTANT_CONVERSION = YES;
				CLANG_WARN_DEPRECATED_OBJC_IMPLEMENTATIONS = YES;
				CLANG_WARN_DIRECT_OBJC_ISA_USAGE = YES_ERROR;
				CLANG_WARN_DOCUMENTATION_COMMENTS = YES;
				CLANG_WARN_EMPTY_BODY = YES;
				CLANG_WARN_ENUM_CONVERSION = YES;
				CLANG_WARN_INFINITE_RECURSION = YES;
				CLANG_WARN_INT_CONVERSION = YES;
				CLANG_WARN_NON_LITERAL_NULL_CONVERSION = YES;
				CLANG_WARN_OBJC_IMPLICIT_RETAIN_SELF = YES;
				CLANG_WARN_OBJC_LITERAL_CONVERSION = YES;
				CLANG_WARN_OBJC_ROOT_CLASS = YES_ERROR;
				CLANG_WARN_QUOTED_INCLUDE_IN_FRAMEWORK_HEADER = YES;
				CLANG_WARN_RANGE_LOOP_ANALYSIS = YES;
				CLANG_WARN_STRICT_PROTOTYPES = YES;
				CLANG_WARN_SUSPICIOUS_MOVE = YES;
				CLANG_WARN_UNGUARDED_AVAILABILITY = YES_AGGRESSIVE;
				CLANG_WARN_UNREACHABLE_CODE = YES;
				CLANG_WARN__DUPLICATE_METHOD_MATCH = YES;
				COPY_PHASE_STRIP = NO;
				DEBUG_INFORMATION_FORMAT = dwarf;
				ENABLE_STRICT_OBJC_MSGSEND = YES;
				ENABLE_TESTABILITY = YES;
				GCC_C_LANGUAGE_STANDARD = gnu11;
				GCC_DYNAMIC_NO_PIC = NO;
				GCC_NO_COMMON_BLOCKS = YES;
				GCC_OPTIMIZATION_LEVEL = 0;
				GCC_PREPROCESSOR_DEFINITIONS = (
					"DEBUG=1",
					"$(inherited)",
				);
				GCC_WARN_64_TO_32_BIT_CONVERSION = YES;
				GCC_WARN_ABOUT_RETURN_TYPE = YES_ERROR;
				GCC_WARN_UNDECLARED_SELECTOR = YES;
				GCC_WARN_UNINITIALIZED_AUTOS = YES_AGGRESSIVE;
				GCC_WARN_UNUSED_FUNCTION = YES;
				GCC_WARN_UNUSED_VARIABLE = YES;
				IPHONEOS_DEPLOYMENT_TARGET = 14.5;
				MTL_ENABLE_DEBUG_INFO = INCLUDE_SOURCE;
				MTL_FAST_MATH = YES;
				ONLY_ACTIVE_ARCH = YES;
				SDKROOT = iphoneos;
			};
			name = Debug;
		};
		51815BE4269CAC8200BFCA08 /* Release */ = {
			isa = XCBuildConfiguration;
			buildSettings = {
				ALWAYS_SEARCH_USER_PATHS = NO;
				CLANG_ANALYZER_NONNULL = YES;
				CLANG_ANALYZER_NUMBER_OBJECT_CONVERSION = YES_AGGRESSIVE;
				CLANG_CXX_LANGUAGE_STANDARD = "gnu++14";
				CLANG_CXX_LIBRARY = "libc++";
				CLANG_ENABLE_MODULES = YES;
				CLANG_ENABLE_OBJC_ARC = YES;
				CLANG_ENABLE_OBJC_WEAK = YES;
				CLANG_WARN_BLOCK_CAPTURE_AUTORELEASING = YES;
				CLANG_WARN_BOOL_CONVERSION = YES;
				CLANG_WARN_COMMA = YES;
				CLANG_WARN_CONSTANT_CONVERSION = YES;
				CLANG_WARN_DEPRECATED_OBJC_IMPLEMENTATIONS = YES;
				CLANG_WARN_DIRECT_OBJC_ISA_USAGE = YES_ERROR;
				CLANG_WARN_DOCUMENTATION_COMMENTS = YES;
				CLANG_WARN_EMPTY_BODY = YES;
				CLANG_WARN_ENUM_CONVERSION = YES;
				CLANG_WARN_INFINITE_RECURSION = YES;
				CLANG_WARN_INT_CONVERSION = YES;
				CLANG_WARN_NON_LITERAL_NULL_CONVERSION = YES;
				CLANG_WARN_OBJC_IMPLICIT_RETAIN_SELF = YES;
				CLANG_WARN_OBJC_LITERAL_CONVERSION = YES;
				CLANG_WARN_OBJC_ROOT_CLASS = YES_ERROR;
				CLANG_WARN_QUOTED_INCLUDE_IN_FRAMEWORK_HEADER = YES;
				CLANG_WARN_RANGE_LOOP_ANALYSIS = YES;
				CLANG_WARN_STRICT_PROTOTYPES = YES;
				CLANG_WARN_SUSPICIOUS_MOVE = YES;
				CLANG_WARN_UNGUARDED_AVAILABILITY = YES_AGGRESSIVE;
				CLANG_WARN_UNREACHABLE_CODE = YES;
				CLANG_WARN__DUPLICATE_METHOD_MATCH = YES;
				COPY_PHASE_STRIP = NO;
				DEBUG_INFORMATION_FORMAT = "dwarf-with-dsym";
				ENABLE_NS_ASSERTIONS = NO;
				ENABLE_STRICT_OBJC_MSGSEND = YES;
				GCC_C_LANGUAGE_STANDARD = gnu11;
				GCC_NO_COMMON_BLOCKS = YES;
				GCC_WARN_64_TO_32_BIT_CONVERSION = YES;
				GCC_WARN_ABOUT_RETURN_TYPE = YES_ERROR;
				GCC_WARN_UNDECLARED_SELECTOR = YES;
				GCC_WARN_UNINITIALIZED_AUTOS = YES_AGGRESSIVE;
				GCC_WARN_UNUSED_FUNCTION = YES;
				GCC_WARN_UNUSED_VARIABLE = YES;
				IPHONEOS_DEPLOYMENT_TARGET = 14.5;
				MTL_ENABLE_DEBUG_INFO = NO;
				MTL_FAST_MATH = YES;
				SDKROOT = iphoneos;
				VALIDATE_PRODUCT = YES;
			};
			name = Release;
		};
		51815BE6269CAC8200BFCA08 /* Debug */ = {
			isa = XCBuildConfiguration;
			baseConfigurationReference = 7CF6EB3FA15E166C26663A24 /* Pods-IFeelThatWay.debug.xcconfig */;
			buildSettings = {
				ASSETCATALOG_COMPILER_APPICON_NAME = AppIcon;
				ASSETCATALOG_COMPILER_GLOBAL_ACCENT_COLOR_NAME = AccentColor;
				CODE_SIGN_STYLE = Automatic;
				DEVELOPMENT_TEAM = MYK873B4V2;
				INFOPLIST_FILE = IFeelThatWay/Info.plist;
				LD_RUNPATH_SEARCH_PATHS = (
					"$(inherited)",
					"@executable_path/Frameworks",
				);
				PRODUCT_BUNDLE_IDENTIFIER = com.comcast.IFeelThatWay;
				PRODUCT_NAME = "$(TARGET_NAME)";
				TARGETED_DEVICE_FAMILY = "1,2";
			};
			name = Debug;
		};
		51815BE7269CAC8200BFCA08 /* Release */ = {
			isa = XCBuildConfiguration;
			baseConfigurationReference = E1D501509F6600F77091220C /* Pods-IFeelThatWay.release.xcconfig */;
			buildSettings = {
				ASSETCATALOG_COMPILER_APPICON_NAME = AppIcon;
				ASSETCATALOG_COMPILER_GLOBAL_ACCENT_COLOR_NAME = AccentColor;
				CODE_SIGN_STYLE = Automatic;
				DEVELOPMENT_TEAM = MYK873B4V2;
				INFOPLIST_FILE = IFeelThatWay/Info.plist;
				LD_RUNPATH_SEARCH_PATHS = (
					"$(inherited)",
					"@executable_path/Frameworks",
				);
				PRODUCT_BUNDLE_IDENTIFIER = com.comcast.IFeelThatWay;
				PRODUCT_NAME = "$(TARGET_NAME)";
				TARGETED_DEVICE_FAMILY = "1,2";
			};
			name = Release;
		};
		51815BE9269CAC8200BFCA08 /* Debug */ = {
			isa = XCBuildConfiguration;
			baseConfigurationReference = 316A480F796D5241049F3F74 /* Pods-IFeelThatWayTests.debug.xcconfig */;
			buildSettings = {
				BUNDLE_LOADER = "$(TEST_HOST)";
				CODE_SIGN_STYLE = Automatic;
				DEVELOPMENT_TEAM = MYK873B4V2;
				INFOPLIST_FILE = IFeelThatWayTests/Info.plist;
				IPHONEOS_DEPLOYMENT_TARGET = 14.5;
				LD_RUNPATH_SEARCH_PATHS = (
					"$(inherited)",
					"@executable_path/Frameworks",
					"@loader_path/Frameworks",
				);
				PRODUCT_BUNDLE_IDENTIFIER = com.comcast.IFeelThatWayTests;
				PRODUCT_NAME = "$(TARGET_NAME)";
				TARGETED_DEVICE_FAMILY = "1,2";
				TEST_HOST = "$(BUILT_PRODUCTS_DIR)/IFeelThatWay.app/IFeelThatWay";
			};
			name = Debug;
		};
		51815BEA269CAC8200BFCA08 /* Release */ = {
			isa = XCBuildConfiguration;
			baseConfigurationReference = 997A21D4EACC33B87868D36D /* Pods-IFeelThatWayTests.release.xcconfig */;
			buildSettings = {
				BUNDLE_LOADER = "$(TEST_HOST)";
				CODE_SIGN_STYLE = Automatic;
				DEVELOPMENT_TEAM = MYK873B4V2;
				INFOPLIST_FILE = IFeelThatWayTests/Info.plist;
				IPHONEOS_DEPLOYMENT_TARGET = 14.5;
				LD_RUNPATH_SEARCH_PATHS = (
					"$(inherited)",
					"@executable_path/Frameworks",
					"@loader_path/Frameworks",
				);
				PRODUCT_BUNDLE_IDENTIFIER = com.comcast.IFeelThatWayTests;
				PRODUCT_NAME = "$(TARGET_NAME)";
				TARGETED_DEVICE_FAMILY = "1,2";
				TEST_HOST = "$(BUILT_PRODUCTS_DIR)/IFeelThatWay.app/IFeelThatWay";
			};
			name = Release;
		};
		51815BEC269CAC8200BFCA08 /* Debug */ = {
			isa = XCBuildConfiguration;
			baseConfigurationReference = D1A47A5EEFCEF138961EC7CF /* Pods-IFeelThatWay-IFeelThatWayUITests.debug.xcconfig */;
			buildSettings = {
				CODE_SIGN_STYLE = Automatic;
				DEVELOPMENT_TEAM = MYK873B4V2;
				INFOPLIST_FILE = IFeelThatWayUITests/Info.plist;
				LD_RUNPATH_SEARCH_PATHS = (
					"$(inherited)",
					"@executable_path/Frameworks",
					"@loader_path/Frameworks",
				);
				PRODUCT_BUNDLE_IDENTIFIER = com.comcast.IFeelThatWayUITests;
				PRODUCT_NAME = "$(TARGET_NAME)";
				TARGETED_DEVICE_FAMILY = "1,2";
				TEST_TARGET_NAME = IFeelThatWay;
			};
			name = Debug;
		};
		51815BED269CAC8200BFCA08 /* Release */ = {
			isa = XCBuildConfiguration;
			baseConfigurationReference = D73D43682108E5932E611FF2 /* Pods-IFeelThatWay-IFeelThatWayUITests.release.xcconfig */;
			buildSettings = {
				CODE_SIGN_STYLE = Automatic;
				DEVELOPMENT_TEAM = MYK873B4V2;
				INFOPLIST_FILE = IFeelThatWayUITests/Info.plist;
				LD_RUNPATH_SEARCH_PATHS = (
					"$(inherited)",
					"@executable_path/Frameworks",
					"@loader_path/Frameworks",
				);
				PRODUCT_BUNDLE_IDENTIFIER = com.comcast.IFeelThatWayUITests;
				PRODUCT_NAME = "$(TARGET_NAME)";
				TARGETED_DEVICE_FAMILY = "1,2";
				TEST_TARGET_NAME = IFeelThatWay;
			};
			name = Release;
		};
/* End XCBuildConfiguration section */

/* Begin XCConfigurationList section */
		51815BB1269CAC8100BFCA08 /* Build configuration list for PBXProject "IFeelThatWay" */ = {
			isa = XCConfigurationList;
			buildConfigurations = (
				51815BE3269CAC8200BFCA08 /* Debug */,
				51815BE4269CAC8200BFCA08 /* Release */,
			);
			defaultConfigurationIsVisible = 0;
			defaultConfigurationName = Release;
		};
		51815BE5269CAC8200BFCA08 /* Build configuration list for PBXNativeTarget "IFeelThatWay" */ = {
			isa = XCConfigurationList;
			buildConfigurations = (
				51815BE6269CAC8200BFCA08 /* Debug */,
				51815BE7269CAC8200BFCA08 /* Release */,
			);
			defaultConfigurationIsVisible = 0;
			defaultConfigurationName = Release;
		};
		51815BE8269CAC8200BFCA08 /* Build configuration list for PBXNativeTarget "IFeelThatWayTests" */ = {
			isa = XCConfigurationList;
			buildConfigurations = (
				51815BE9269CAC8200BFCA08 /* Debug */,
				51815BEA269CAC8200BFCA08 /* Release */,
			);
			defaultConfigurationIsVisible = 0;
			defaultConfigurationName = Release;
		};
		51815BEB269CAC8200BFCA08 /* Build configuration list for PBXNativeTarget "IFeelThatWayUITests" */ = {
			isa = XCConfigurationList;
			buildConfigurations = (
				51815BEC269CAC8200BFCA08 /* Debug */,
				51815BED269CAC8200BFCA08 /* Release */,
			);
			defaultConfigurationIsVisible = 0;
			defaultConfigurationName = Release;
		};
/* End XCConfigurationList section */
	};
	rootObject = 51815BAE269CAC8100BFCA08 /* Project object */;
}
